{
  "pins" : [
    {
      "identity" : "ios-swiftui-components",
      "kind" : "remoteSourceControl",
      "location" : "https://github.com/hmrc/ios-swiftui-components",
      "state" : {
        "revision" : "5f61ac30c2c94a28811783e88d1acfe75d58a499",
        "version" : "1.3.5"
      }
    }
  ],
  "version" : 2
}
