{
  "pins" : [
    {
      "identity" : "ios-swiftui-components",
      "kind" : "remoteSourceControl",
      "location" : "https://github.com/hmrc/ios-swiftui-components",
      "state" : {
        "revision" : "570954b4cc6a2df21de135834630dec28ad0f419",
        "version" : "1.3.2"
      }
    }
  ],
  "version" : 2
}
