{
  "object": {
    "pins": [
      {
        "package": "SUIComponents",
        "repositoryURL": "https://github.com/hmrc/ios-swiftui-components.git",
        "state": {
          "branch": null,
          "revision": "71da44f2560d06b6bbf23d733802d6bf75b560e8",
          "version": null
        }
      }
    ]
  },
  "version": 1
}
