// !$*UTF8*$!
{
	archiveVersion = 1;
	classes = {
	};
	objectVersion = 52;
	objects = {

/* Begin PBXBuildFile section */
		580564312714669900BD9EA6 /* OrganismsView.swift in Sources */ = {isa = PBXBuildFile; fileRef = 580564302714669900BD9EA6 /* OrganismsView.swift */; };
		5805643427146B2300BD9EA6 /* MoleculesView.swift in Sources */ = {isa = PBXBuildFile; fileRef = 5805643327146B2300BD9EA6 /* MoleculesView.swift */; };
		5805643627146B7C00BD9EA6 /* ExampleProtocol.swift in Sources */ = {isa = PBXBuildFile; fileRef = 5805643527146B7C00BD9EA6 /* ExampleProtocol.swift */; };
		5805643927146CE100BD9EA6 /* ExampleOrganisms.swift in Sources */ = {isa = PBXBuildFile; fileRef = 5805643827146CE100BD9EA6 /* ExampleOrganisms.swift */; };
		5805643D27147C0300BD9EA6 /* ExampleImages.swift in Sources */ = {isa = PBXBuildFile; fileRef = 5805643C27147C0300BD9EA6 /* ExampleImages.swift */; };
		5805644127173AC500BD9EA6 /* ExampleMolecules.swift in Sources */ = {isa = PBXBuildFile; fileRef = 5805644027173AC400BD9EA6 /* ExampleMolecules.swift */; };
		5805644327173E3F00BD9EA6 /* ExampleView.swift in Sources */ = {isa = PBXBuildFile; fileRef = 5805644227173E3F00BD9EA6 /* ExampleView.swift */; };
		5805644727174A7E00BD9EA6 /* ExampleText.swift in Sources */ = {isa = PBXBuildFile; fileRef = 5805644627174A7E00BD9EA6 /* ExampleText.swift */; };
		5805644B271876DF00BD9EA6 /* AtomsView.swift in Sources */ = {isa = PBXBuildFile; fileRef = 5805644A271876DE00BD9EA6 /* AtomsView.swift */; };
		5805644D27187AD700BD9EA6 /* ExampleAtoms.swift in Sources */ = {isa = PBXBuildFile; fileRef = 5805644C27187AD700BD9EA6 /* ExampleAtoms.swift */; };
		58056450271883FE00BD9EA6 /* ColoursView.swift in Sources */ = {isa = PBXBuildFile; fileRef = 5805644F271883FE00BD9EA6 /* ColoursView.swift */; };
		587A134826C4223B0005A55D /* Assets.xcassets in Resources */ = {isa = PBXBuildFile; fileRef = 587A134726C4223B0005A55D /* Assets.xcassets */; };
		587A134B26C4223B0005A55D /* Preview Assets.xcassets in Resources */ = {isa = PBXBuildFile; fileRef = 587A134A26C4223B0005A55D /* Preview Assets.xcassets */; };
		587A135326C423AB0005A55D /* MainView.swift in Sources */ = {isa = PBXBuildFile; fileRef = 587A135226C423AB0005A55D /* MainView.swift */; };
		CA32714029D5E71100F493DC /* SUIComponents in Frameworks */ = {isa = PBXBuildFile; productRef = CA32713F29D5E71100F493DC /* SUIComponents */; };
		CAE72B5A29D5832C00A69D4C /* AppDelegate.swift in Sources */ = {isa = PBXBuildFile; fileRef = CAE72B5929D5832C00A69D4C /* AppDelegate.swift */; };
		E9DEFFDD273E5ABB005ABDDF /* ScreenshotableView.swift in Sources */ = {isa = PBXBuildFile; fileRef = E9DEFFDC273E5ABB005ABDDF /* ScreenshotableView.swift */; };
		E9DEFFE2273E7072005ABDDF /* MeasurableScrollView.swift in Sources */ = {isa = PBXBuildFile; fileRef = E9DEFFE1273E7072005ABDDF /* MeasurableScrollView.swift */; };
		E9DEFFE4273E7210005ABDDF /* Files.swift in Sources */ = {isa = PBXBuildFile; fileRef = E9DEFFE3273E7210005ABDDF /* Files.swift */; };
		E9DEFFE9273E8479005ABDDF /* OrganismScreenshots.swift in Sources */ = {isa = PBXBuildFile; fileRef = E9DEFFE8273E8479005ABDDF /* OrganismScreenshots.swift */; };
		E9DEFFEC273E8BA6005ABDDF /* ColourScreenshots.swift in Sources */ = {isa = PBXBuildFile; fileRef = E9DEFFEB273E8BA6005ABDDF /* ColourScreenshots.swift */; };
		E9DEFFEE273E8EE8005ABDDF /* AtomScreenshots.swift in Sources */ = {isa = PBXBuildFile; fileRef = E9DEFFED273E8EE8005ABDDF /* AtomScreenshots.swift */; };
		E9DEFFF0273E8EEA005ABDDF /* MoleculeScreenshots.swift in Sources */ = {isa = PBXBuildFile; fileRef = E9DEFFEF273E8EEA005ABDDF /* MoleculeScreenshots.swift */; };
/* End PBXBuildFile section */

/* Begin PBXContainerItemProxy section */
		E9D18932273D597900723C16 /* PBXContainerItemProxy */ = {
			isa = PBXContainerItemProxy;
			containerPortal = 587A133826C422370005A55D /* Project object */;
			proxyType = 1;
			remoteGlobalIDString = 587A133F26C422370005A55D;
			remoteInfo = SUICompanionApp;
		};
/* End PBXContainerItemProxy section */

/* Begin PBXFileReference section */
		580564302714669900BD9EA6 /* OrganismsView.swift */ = {isa = PBXFileReference; lastKnownFileType = sourcecode.swift; path = OrganismsView.swift; sourceTree = "<group>"; };
		5805643327146B2300BD9EA6 /* MoleculesView.swift */ = {isa = PBXFileReference; lastKnownFileType = sourcecode.swift; path = MoleculesView.swift; sourceTree = "<group>"; };
		5805643527146B7C00BD9EA6 /* ExampleProtocol.swift */ = {isa = PBXFileReference; lastKnownFileType = sourcecode.swift; path = ExampleProtocol.swift; sourceTree = "<group>"; };
		5805643827146CE100BD9EA6 /* ExampleOrganisms.swift */ = {isa = PBXFileReference; lastKnownFileType = sourcecode.swift; path = ExampleOrganisms.swift; sourceTree = "<group>"; };
		5805643C27147C0300BD9EA6 /* ExampleImages.swift */ = {isa = PBXFileReference; lastKnownFileType = sourcecode.swift; path = ExampleImages.swift; sourceTree = "<group>"; };
		5805644027173AC400BD9EA6 /* ExampleMolecules.swift */ = {isa = PBXFileReference; lastKnownFileType = sourcecode.swift; path = ExampleMolecules.swift; sourceTree = "<group>"; };
		5805644227173E3F00BD9EA6 /* ExampleView.swift */ = {isa = PBXFileReference; lastKnownFileType = sourcecode.swift; path = ExampleView.swift; sourceTree = "<group>"; };
		5805644627174A7E00BD9EA6 /* ExampleText.swift */ = {isa = PBXFileReference; lastKnownFileType = sourcecode.swift; path = ExampleText.swift; sourceTree = "<group>"; };
		5805644A271876DE00BD9EA6 /* AtomsView.swift */ = {isa = PBXFileReference; lastKnownFileType = sourcecode.swift; path = AtomsView.swift; sourceTree = "<group>"; };
		5805644C27187AD700BD9EA6 /* ExampleAtoms.swift */ = {isa = PBXFileReference; lastKnownFileType = sourcecode.swift; path = ExampleAtoms.swift; sourceTree = "<group>"; };
		5805644F271883FE00BD9EA6 /* ColoursView.swift */ = {isa = PBXFileReference; lastKnownFileType = sourcecode.swift; path = ColoursView.swift; sourceTree = "<group>"; };
		587A134026C422370005A55D /* SUICompanionApp.app */ = {isa = PBXFileReference; explicitFileType = wrapper.application; includeInIndex = 0; path = SUICompanionApp.app; sourceTree = BUILT_PRODUCTS_DIR; };
		587A134726C4223B0005A55D /* Assets.xcassets */ = {isa = PBXFileReference; lastKnownFileType = folder.assetcatalog; path = Assets.xcassets; sourceTree = "<group>"; };
		587A134A26C4223B0005A55D /* Preview Assets.xcassets */ = {isa = PBXFileReference; lastKnownFileType = folder.assetcatalog; path = "Preview Assets.xcassets"; sourceTree = "<group>"; };
		587A134C26C4223B0005A55D /* Info.plist */ = {isa = PBXFileReference; lastKnownFileType = text.plist.xml; path = Info.plist; sourceTree = "<group>"; };
		587A135226C423AB0005A55D /* MainView.swift */ = {isa = PBXFileReference; lastKnownFileType = sourcecode.swift; path = MainView.swift; sourceTree = "<group>"; };
		CAE72B5929D5832C00A69D4C /* AppDelegate.swift */ = {isa = PBXFileReference; lastKnownFileType = sourcecode.swift; path = AppDelegate.swift; sourceTree = "<group>"; };
		E9D1892D273D597900723C16 /* SUICompanionAppTests.xctest */ = {isa = PBXFileReference; explicitFileType = wrapper.cfbundle; includeInIndex = 0; path = SUICompanionAppTests.xctest; sourceTree = BUILT_PRODUCTS_DIR; };
		E9D18931273D597900723C16 /* Info.plist */ = {isa = PBXFileReference; lastKnownFileType = text.plist.xml; path = Info.plist; sourceTree = "<group>"; };
		E9DEFFDC273E5ABB005ABDDF /* ScreenshotableView.swift */ = {isa = PBXFileReference; lastKnownFileType = sourcecode.swift; path = ScreenshotableView.swift; sourceTree = "<group>"; };
		E9DEFFE1273E7072005ABDDF /* MeasurableScrollView.swift */ = {isa = PBXFileReference; lastKnownFileType = sourcecode.swift; path = MeasurableScrollView.swift; sourceTree = "<group>"; };
		E9DEFFE3273E7210005ABDDF /* Files.swift */ = {isa = PBXFileReference; fileEncoding = 4; lastKnownFileType = sourcecode.swift; path = Files.swift; sourceTree = "<group>"; };
		E9DEFFE8273E8479005ABDDF /* OrganismScreenshots.swift */ = {isa = PBXFileReference; lastKnownFileType = sourcecode.swift; path = OrganismScreenshots.swift; sourceTree = "<group>"; };
		E9DEFFEB273E8BA6005ABDDF /* ColourScreenshots.swift */ = {isa = PBXFileReference; lastKnownFileType = sourcecode.swift; path = ColourScreenshots.swift; sourceTree = "<group>"; };
		E9DEFFED273E8EE8005ABDDF /* AtomScreenshots.swift */ = {isa = PBXFileReference; lastKnownFileType = sourcecode.swift; path = AtomScreenshots.swift; sourceTree = "<group>"; };
		E9DEFFEF273E8EEA005ABDDF /* MoleculeScreenshots.swift */ = {isa = PBXFileReference; lastKnownFileType = sourcecode.swift; path = MoleculeScreenshots.swift; sourceTree = "<group>"; };
		EB6F2A26271EF17B00153A45 /* SUICompanionApp.entitlements */ = {isa = PBXFileReference; lastKnownFileType = text.plist.entitlements; path = SUICompanionApp.entitlements; sourceTree = "<group>"; };
/* End PBXFileReference section */

/* Begin PBXFrameworksBuildPhase section */
		587A133D26C422370005A55D /* Frameworks */ = {
			isa = PBXFrameworksBuildPhase;
			buildActionMask = 2147483647;
			files = (
				CA32714029D5E71100F493DC /* SUIComponents in Frameworks */,
			);
			runOnlyForDeploymentPostprocessing = 0;
		};
		E9D1892A273D597900723C16 /* Frameworks */ = {
			isa = PBXFrameworksBuildPhase;
			buildActionMask = 2147483647;
			files = (
			);
			runOnlyForDeploymentPostprocessing = 0;
		};
/* End PBXFrameworksBuildPhase section */

/* Begin PBXGroup section */
		5805642F2714666300BD9EA6 /* Organisms */ = {
			isa = PBXGroup;
			children = (
				5805643827146CE100BD9EA6 /* ExampleOrganisms.swift */,
				580564302714669900BD9EA6 /* OrganismsView.swift */,
			);
			path = Organisms;
			sourceTree = "<group>";
		};
		5805643227146B1800BD9EA6 /* Molecules */ = {
			isa = PBXGroup;
			children = (
				5805644027173AC400BD9EA6 /* ExampleMolecules.swift */,
				5805643327146B2300BD9EA6 /* MoleculesView.swift */,
			);
			path = Molecules;
			sourceTree = "<group>";
		};
		5805643727146CCA00BD9EA6 /* Examples */ = {
			isa = PBXGroup;
			children = (
				5805644227173E3F00BD9EA6 /* ExampleView.swift */,
				5805643527146B7C00BD9EA6 /* ExampleProtocol.swift */,
				5805643C27147C0300BD9EA6 /* ExampleImages.swift */,
				5805644627174A7E00BD9EA6 /* ExampleText.swift */,
			);
			path = Examples;
			sourceTree = "<group>";
		};
		58056449271876B900BD9EA6 /* Atoms */ = {
			isa = PBXGroup;
			children = (
				5805644A271876DE00BD9EA6 /* AtomsView.swift */,
				5805644C27187AD700BD9EA6 /* ExampleAtoms.swift */,
			);
			path = Atoms;
			sourceTree = "<group>";
		};
		5805644E271883F300BD9EA6 /* Colours */ = {
			isa = PBXGroup;
			children = (
				5805644F271883FE00BD9EA6 /* ColoursView.swift */,
			);
			path = Colours;
			sourceTree = "<group>";
		};
		587A133726C422370005A55D = {
			isa = PBXGroup;
			children = (
				587A134226C422370005A55D /* SUICompanionApp */,
				E9D1892E273D597900723C16 /* SUICompanionAppTests */,
				587A134126C422370005A55D /* Products */,
				58B33E40270F49DC00897F24 /* Frameworks */,
			);
			sourceTree = "<group>";
		};
		587A134126C422370005A55D /* Products */ = {
			isa = PBXGroup;
			children = (
				587A134026C422370005A55D /* SUICompanionApp.app */,
				E9D1892D273D597900723C16 /* SUICompanionAppTests.xctest */,
			);
			name = Products;
			sourceTree = "<group>";
		};
		587A134226C422370005A55D /* SUICompanionApp */ = {
			isa = PBXGroup;
			children = (
				E9DEFFE0273E6593005ABDDF /* Screenshots */,
				EB6F2A26271EF17B00153A45 /* SUICompanionApp.entitlements */,
				5805644E271883F300BD9EA6 /* Colours */,
				58056449271876B900BD9EA6 /* Atoms */,
				5805643727146CCA00BD9EA6 /* Examples */,
				5805643227146B1800BD9EA6 /* Molecules */,
				5805642F2714666300BD9EA6 /* Organisms */,
				587A134726C4223B0005A55D /* Assets.xcassets */,
				587A134C26C4223B0005A55D /* Info.plist */,
				587A134926C4223B0005A55D /* Preview Content */,
				587A135226C423AB0005A55D /* MainView.swift */,
				CAE72B5929D5832C00A69D4C /* AppDelegate.swift */,
			);
			path = SUICompanionApp;
			sourceTree = "<group>";
		};
		587A134926C4223B0005A55D /* Preview Content */ = {
			isa = PBXGroup;
			children = (
				587A134A26C4223B0005A55D /* Preview Assets.xcassets */,
			);
			path = "Preview Content";
			sourceTree = "<group>";
		};
		58B33E40270F49DC00897F24 /* Frameworks */ = {
			isa = PBXGroup;
			children = (
			);
			name = Frameworks;
			sourceTree = "<group>";
		};
		E9D1892E273D597900723C16 /* SUICompanionAppTests */ = {
			isa = PBXGroup;
			children = (
				E9DEFFEA273E8480005ABDDF /* Screenshots */,
				E9D18931273D597900723C16 /* Info.plist */,
			);
			path = SUICompanionAppTests;
			sourceTree = "<group>";
		};
		E9DEFFE0273E6593005ABDDF /* Screenshots */ = {
			isa = PBXGroup;
			children = (
				E9DEFFE5273E845D005ABDDF /* Support */,
			);
			path = Screenshots;
			sourceTree = "<group>";
		};
		E9DEFFE5273E845D005ABDDF /* Support */ = {
			isa = PBXGroup;
			children = (
				E9DEFFE3273E7210005ABDDF /* Files.swift */,
				E9DEFFE1273E7072005ABDDF /* MeasurableScrollView.swift */,
				E9DEFFDC273E5ABB005ABDDF /* ScreenshotableView.swift */,
			);
			path = Support;
			sourceTree = "<group>";
		};
		E9DEFFEA273E8480005ABDDF /* Screenshots */ = {
			isa = PBXGroup;
			children = (
				E9DEFFE8273E8479005ABDDF /* OrganismScreenshots.swift */,
				E9DEFFEF273E8EEA005ABDDF /* MoleculeScreenshots.swift */,
				E9DEFFED273E8EE8005ABDDF /* AtomScreenshots.swift */,
				E9DEFFEB273E8BA6005ABDDF /* ColourScreenshots.swift */,
			);
			name = Screenshots;
			sourceTree = "<group>";
		};
/* End PBXGroup section */

/* Begin PBXNativeTarget section */
		587A133F26C422370005A55D /* SUICompanionApp */ = {
			isa = PBXNativeTarget;
			buildConfigurationList = 587A134F26C4223B0005A55D /* Build configuration list for PBXNativeTarget "SUICompanionApp" */;
			buildPhases = (
				587A133C26C422370005A55D /* Sources */,
				587A133D26C422370005A55D /* Frameworks */,
				587A133E26C422370005A55D /* Resources */,
			);
			buildRules = (
			);
			dependencies = (
			);
			name = SUICompanionApp;
			packageProductDependencies = (
				CA32713F29D5E71100F493DC /* SUIComponents */,
			);
			productName = SUICompanionApp;
			productReference = 587A134026C422370005A55D /* SUICompanionApp.app */;
			productType = "com.apple.product-type.application";
		};
		E9D1892C273D597900723C16 /* SUICompanionAppTests */ = {
			isa = PBXNativeTarget;
			buildConfigurationList = E9D18937273D597A00723C16 /* Build configuration list for PBXNativeTarget "SUICompanionAppTests" */;
			buildPhases = (
				E9D18929273D597900723C16 /* Sources */,
				E9D1892A273D597900723C16 /* Frameworks */,
				E9D1892B273D597900723C16 /* Resources */,
			);
			buildRules = (
			);
			dependencies = (
				E9D18933273D597900723C16 /* PBXTargetDependency */,
			);
			name = SUICompanionAppTests;
			packageProductDependencies = (
			);
			productName = SUICompanionAppTests;
			productReference = E9D1892D273D597900723C16 /* SUICompanionAppTests.xctest */;
			productType = "com.apple.product-type.bundle.unit-test";
		};
/* End PBXNativeTarget section */

/* Begin PBXProject section */
		587A133826C422370005A55D /* Project object */ = {
			isa = PBXProject;
			attributes = {
				LastSwiftUpdateCheck = 1420;
				LastUpgradeCheck = 1250;
				TargetAttributes = {
					587A133F26C422370005A55D = {
						CreatedOnToolsVersion = 12.5.1;
					};
					E9D1892C273D597900723C16 = {
						CreatedOnToolsVersion = 12.5.1;
						TestTargetID = 587A133F26C422370005A55D;
					};
				};
			};
			buildConfigurationList = 587A133B26C422370005A55D /* Build configuration list for PBXProject "SUICompanionApp" */;
			compatibilityVersion = "Xcode 9.3";
			developmentRegion = en;
			hasScannedForEncodings = 0;
			knownRegions = (
				en,
				Base,
			);
			mainGroup = 587A133726C422370005A55D;
			packageReferences = (
				CA32713E29D5E71100F493DC /* XCRemoteSwiftPackageReference "ios-swiftui-components" */,
			);
			productRefGroup = 587A134126C422370005A55D /* Products */;
			projectDirPath = "";
			projectRoot = "";
			targets = (
				587A133F26C422370005A55D /* SUICompanionApp */,
				E9D1892C273D597900723C16 /* SUICompanionAppTests */,
			);
		};
/* End PBXProject section */

/* Begin PBXResourcesBuildPhase section */
		587A133E26C422370005A55D /* Resources */ = {
			isa = PBXResourcesBuildPhase;
			buildActionMask = 2147483647;
			files = (
				587A134B26C4223B0005A55D /* Preview Assets.xcassets in Resources */,
				587A134826C4223B0005A55D /* Assets.xcassets in Resources */,
			);
			runOnlyForDeploymentPostprocessing = 0;
		};
		E9D1892B273D597900723C16 /* Resources */ = {
			isa = PBXResourcesBuildPhase;
			buildActionMask = 2147483647;
			files = (
			);
			runOnlyForDeploymentPostprocessing = 0;
		};
/* End PBXResourcesBuildPhase section */

/* Begin PBXSourcesBuildPhase section */
		587A133C26C422370005A55D /* Sources */ = {
			isa = PBXSourcesBuildPhase;
			buildActionMask = 2147483647;
			files = (
				E9DEFFE2273E7072005ABDDF /* MeasurableScrollView.swift in Sources */,
				5805644127173AC500BD9EA6 /* ExampleMolecules.swift in Sources */,
				580564312714669900BD9EA6 /* OrganismsView.swift in Sources */,
				E9DEFFDD273E5ABB005ABDDF /* ScreenshotableView.swift in Sources */,
				5805644327173E3F00BD9EA6 /* ExampleView.swift in Sources */,
				5805643D27147C0300BD9EA6 /* ExampleImages.swift in Sources */,
				5805643627146B7C00BD9EA6 /* ExampleProtocol.swift in Sources */,
				5805644D27187AD700BD9EA6 /* ExampleAtoms.swift in Sources */,
				587A135326C423AB0005A55D /* MainView.swift in Sources */,
				E9DEFFE4273E7210005ABDDF /* Files.swift in Sources */,
				5805643427146B2300BD9EA6 /* MoleculesView.swift in Sources */,
				5805643927146CE100BD9EA6 /* ExampleOrganisms.swift in Sources */,
				5805644727174A7E00BD9EA6 /* ExampleText.swift in Sources */,
				5805644B271876DF00BD9EA6 /* AtomsView.swift in Sources */,
				CAE72B5A29D5832C00A69D4C /* AppDelegate.swift in Sources */,
				58056450271883FE00BD9EA6 /* ColoursView.swift in Sources */,
			);
			runOnlyForDeploymentPostprocessing = 0;
		};
		E9D18929273D597900723C16 /* Sources */ = {
			isa = PBXSourcesBuildPhase;
			buildActionMask = 2147483647;
			files = (
				E9DEFFE9273E8479005ABDDF /* OrganismScreenshots.swift in Sources */,
				E9DEFFEC273E8BA6005ABDDF /* ColourScreenshots.swift in Sources */,
				E9DEFFEE273E8EE8005ABDDF /* AtomScreenshots.swift in Sources */,
				E9DEFFF0273E8EEA005ABDDF /* MoleculeScreenshots.swift in Sources */,
			);
			runOnlyForDeploymentPostprocessing = 0;
		};
/* End PBXSourcesBuildPhase section */

/* Begin PBXTargetDependency section */
		E9D18933273D597900723C16 /* PBXTargetDependency */ = {
			isa = PBXTargetDependency;
			target = 587A133F26C422370005A55D /* SUICompanionApp */;
			targetProxy = E9D18932273D597900723C16 /* PBXContainerItemProxy */;
		};
/* End PBXTargetDependency section */

/* Begin XCBuildConfiguration section */
		587A134D26C4223B0005A55D /* Debug */ = {
			isa = XCBuildConfiguration;
			buildSettings = {
				ALWAYS_SEARCH_USER_PATHS = NO;
				CLANG_ANALYZER_NONNULL = YES;
				CLANG_ANALYZER_NUMBER_OBJECT_CONVERSION = YES_AGGRESSIVE;
				CLANG_CXX_LANGUAGE_STANDARD = "gnu++14";
				CLANG_CXX_LIBRARY = "libc++";
				CLANG_ENABLE_MODULES = YES;
				CLANG_ENABLE_OBJC_ARC = YES;
				CLANG_ENABLE_OBJC_WEAK = YES;
				CLANG_WARN_BLOCK_CAPTURE_AUTORELEASING = YES;
				CLANG_WARN_BOOL_CONVERSION = YES;
				CLANG_WARN_COMMA = YES;
				CLANG_WARN_CONSTANT_CONVERSION = YES;
				CLANG_WARN_DEPRECATED_OBJC_IMPLEMENTATIONS = YES;
				CLANG_WARN_DIRECT_OBJC_ISA_USAGE = YES_ERROR;
				CLANG_WARN_DOCUMENTATION_COMMENTS = YES;
				CLANG_WARN_EMPTY_BODY = YES;
				CLANG_WARN_ENUM_CONVERSION = YES;
				CLANG_WARN_INFINITE_RECURSION = YES;
				CLANG_WARN_INT_CONVERSION = YES;
				CLANG_WARN_NON_LITERAL_NULL_CONVERSION = YES;
				CLANG_WARN_OBJC_IMPLICIT_RETAIN_SELF = YES;
				CLANG_WARN_OBJC_LITERAL_CONVERSION = YES;
				CLANG_WARN_OBJC_ROOT_CLASS = YES_ERROR;
				CLANG_WARN_QUOTED_INCLUDE_IN_FRAMEWORK_HEADER = YES;
				CLANG_WARN_RANGE_LOOP_ANALYSIS = YES;
				CLANG_WARN_STRICT_PROTOTYPES = YES;
				CLANG_WARN_SUSPICIOUS_MOVE = YES;
				CLANG_WARN_UNGUARDED_AVAILABILITY = YES_AGGRESSIVE;
				CLANG_WARN_UNREACHABLE_CODE = YES;
				CLANG_WARN__DUPLICATE_METHOD_MATCH = YES;
				COPY_PHASE_STRIP = NO;
				DEBUG_INFORMATION_FORMAT = dwarf;
				ENABLE_STRICT_OBJC_MSGSEND = YES;
				ENABLE_TESTABILITY = YES;
				GCC_C_LANGUAGE_STANDARD = gnu11;
				GCC_DYNAMIC_NO_PIC = NO;
				GCC_NO_COMMON_BLOCKS = YES;
				GCC_OPTIMIZATION_LEVEL = 0;
				GCC_PREPROCESSOR_DEFINITIONS = (
					"DEBUG=1",
					"$(inherited)",
				);
				GCC_WARN_64_TO_32_BIT_CONVERSION = YES;
				GCC_WARN_ABOUT_RETURN_TYPE = YES_ERROR;
				GCC_WARN_UNDECLARED_SELECTOR = YES;
				GCC_WARN_UNINITIALIZED_AUTOS = YES_AGGRESSIVE;
				GCC_WARN_UNUSED_FUNCTION = YES;
				GCC_WARN_UNUSED_VARIABLE = YES;
				IPHONEOS_DEPLOYMENT_TARGET = 14.5;
				MTL_ENABLE_DEBUG_INFO = INCLUDE_SOURCE;
				MTL_FAST_MATH = YES;
				ONLY_ACTIVE_ARCH = YES;
				SDKROOT = iphoneos;
				SWIFT_ACTIVE_COMPILATION_CONDITIONS = DEBUG;
				SWIFT_OPTIMIZATION_LEVEL = "-Onone";
			};
			name = Debug;
		};
		587A134E26C4223B0005A55D /* Release */ = {
			isa = XCBuildConfiguration;
			buildSettings = {
				ALWAYS_SEARCH_USER_PATHS = NO;
				CLANG_ANALYZER_NONNULL = YES;
				CLANG_ANALYZER_NUMBER_OBJECT_CONVERSION = YES_AGGRESSIVE;
				CLANG_CXX_LANGUAGE_STANDARD = "gnu++14";
				CLANG_CXX_LIBRARY = "libc++";
				CLANG_ENABLE_MODULES = YES;
				CLANG_ENABLE_OBJC_ARC = YES;
				CLANG_ENABLE_OBJC_WEAK = YES;
				CLANG_WARN_BLOCK_CAPTURE_AUTORELEASING = YES;
				CLANG_WARN_BOOL_CONVERSION = YES;
				CLANG_WARN_COMMA = YES;
				CLANG_WARN_CONSTANT_CONVERSION = YES;
				CLANG_WARN_DEPRECATED_OBJC_IMPLEMENTATIONS = YES;
				CLANG_WARN_DIRECT_OBJC_ISA_USAGE = YES_ERROR;
				CLANG_WARN_DOCUMENTATION_COMMENTS = YES;
				CLANG_WARN_EMPTY_BODY = YES;
				CLANG_WARN_ENUM_CONVERSION = YES;
				CLANG_WARN_INFINITE_RECURSION = YES;
				CLANG_WARN_INT_CONVERSION = YES;
				CLANG_WARN_NON_LITERAL_NULL_CONVERSION = YES;
				CLANG_WARN_OBJC_IMPLICIT_RETAIN_SELF = YES;
				CLANG_WARN_OBJC_LITERAL_CONVERSION = YES;
				CLANG_WARN_OBJC_ROOT_CLASS = YES_ERROR;
				CLANG_WARN_QUOTED_INCLUDE_IN_FRAMEWORK_HEADER = YES;
				CLANG_WARN_RANGE_LOOP_ANALYSIS = YES;
				CLANG_WARN_STRICT_PROTOTYPES = YES;
				CLANG_WARN_SUSPICIOUS_MOVE = YES;
				CLANG_WARN_UNGUARDED_AVAILABILITY = YES_AGGRESSIVE;
				CLANG_WARN_UNREACHABLE_CODE = YES;
				CLANG_WARN__DUPLICATE_METHOD_MATCH = YES;
				COPY_PHASE_STRIP = NO;
				DEBUG_INFORMATION_FORMAT = "dwarf-with-dsym";
				ENABLE_NS_ASSERTIONS = NO;
				ENABLE_STRICT_OBJC_MSGSEND = YES;
				GCC_C_LANGUAGE_STANDARD = gnu11;
				GCC_NO_COMMON_BLOCKS = YES;
				GCC_WARN_64_TO_32_BIT_CONVERSION = YES;
				GCC_WARN_ABOUT_RETURN_TYPE = YES_ERROR;
				GCC_WARN_UNDECLARED_SELECTOR = YES;
				GCC_WARN_UNINITIALIZED_AUTOS = YES_AGGRESSIVE;
				GCC_WARN_UNUSED_FUNCTION = YES;
				GCC_WARN_UNUSED_VARIABLE = YES;
				IPHONEOS_DEPLOYMENT_TARGET = 14.5;
				MTL_ENABLE_DEBUG_INFO = NO;
				MTL_FAST_MATH = YES;
				SDKROOT = iphoneos;
				SWIFT_COMPILATION_MODE = wholemodule;
				SWIFT_OPTIMIZATION_LEVEL = "-O";
				VALIDATE_PRODUCT = YES;
			};
			name = Release;
		};
		587A135026C4223B0005A55D /* Debug */ = {
			isa = XCBuildConfiguration;
			buildSettings = {
				ASSETCATALOG_COMPILER_APPICON_NAME = AppIcon;
				ASSETCATALOG_COMPILER_GLOBAL_ACCENT_COLOR_NAME = AccentColor;
				CODE_SIGN_ENTITLEMENTS = SUICompanionApp/SUICompanionApp.entitlements;
				CODE_SIGN_IDENTITY = "Apple Development";
				"CODE_SIGN_IDENTITY[sdk=iphoneos*]" = "iPhone Distribution";
				CODE_SIGN_STYLE = Manual;
				DEVELOPMENT_ASSET_PATHS = "\"SUICompanionApp/Preview Content\"";
				DEVELOPMENT_TEAM = "";
				"DEVELOPMENT_TEAM[sdk=iphoneos*]" = 4LL5YKZZU7;
				ENABLE_PREVIEWS = YES;
				INFOPLIST_FILE = SUICompanionApp/Info.plist;
				IPHONEOS_DEPLOYMENT_TARGET = 14.0;
				LD_RUNPATH_SEARCH_PATHS = (
					"$(inherited)",
					"@executable_path/Frameworks",
				);
				PRODUCT_BUNDLE_IDENTIFIER = uk.gov.hmrc.components.SUICompanionApp;
				PRODUCT_NAME = "$(TARGET_NAME)";
				PROVISIONING_PROFILE_SPECIFIER = "";
				"PROVISIONING_PROFILE_SPECIFIER[sdk=iphoneos*]" = "match AdHoc uk.gov.hmrc.components.SUICompanionApp";
				SWIFT_VERSION = 5.0;
				TARGETED_DEVICE_FAMILY = "1,2";
			};
			name = Debug;
		};
		587A135126C4223B0005A55D /* Release */ = {
			isa = XCBuildConfiguration;
			buildSettings = {
				ASSETCATALOG_COMPILER_APPICON_NAME = AppIcon;
				ASSETCATALOG_COMPILER_GLOBAL_ACCENT_COLOR_NAME = AccentColor;
				CODE_SIGN_ENTITLEMENTS = SUICompanionApp/SUICompanionApp.entitlements;
				CODE_SIGN_IDENTITY = "Apple Development";
				"CODE_SIGN_IDENTITY[sdk=iphoneos*]" = "iPhone Distribution";
				CODE_SIGN_STYLE = Manual;
				DEVELOPMENT_ASSET_PATHS = "\"SUICompanionApp/Preview Content\"";
				DEVELOPMENT_TEAM = "";
				"DEVELOPMENT_TEAM[sdk=iphoneos*]" = 4LL5YKZZU7;
				ENABLE_PREVIEWS = YES;
				INFOPLIST_FILE = SUICompanionApp/Info.plist;
				IPHONEOS_DEPLOYMENT_TARGET = 14.0;
				LD_RUNPATH_SEARCH_PATHS = (
					"$(inherited)",
					"@executable_path/Frameworks",
				);
				PRODUCT_BUNDLE_IDENTIFIER = uk.gov.hmrc.components.SUICompanionApp;
				PRODUCT_NAME = "$(TARGET_NAME)";
				PROVISIONING_PROFILE_SPECIFIER = "";
				"PROVISIONING_PROFILE_SPECIFIER[sdk=iphoneos*]" = "match AdHoc uk.gov.hmrc.components.SUICompanionApp";
				SWIFT_VERSION = 5.0;
				TARGETED_DEVICE_FAMILY = "1,2";
			};
			name = Release;
		};
		E9D18934273D597A00723C16 /* Debug */ = {
			isa = XCBuildConfiguration;
			buildSettings = {
				BUNDLE_LOADER = "$(TEST_HOST)";
				CODE_SIGN_STYLE = Automatic;
				DEVELOPMENT_TEAM = 4LL5YKZZU7;
				INFOPLIST_FILE = SUICompanionAppTests/Info.plist;
				LD_RUNPATH_SEARCH_PATHS = (
					"$(inherited)",
					"@executable_path/Frameworks",
					"@loader_path/Frameworks",
				);
				PRODUCT_BUNDLE_IDENTIFIER = com.hmrc.SUICompanionAppTests;
				PRODUCT_NAME = "$(TARGET_NAME)";
				SWIFT_VERSION = 5.0;
				TARGETED_DEVICE_FAMILY = "1,2";
				TEST_HOST = "$(BUILT_PRODUCTS_DIR)/SUICompanionApp.app/$(BUNDLE_EXECUTABLE_FOLDER_PATH)/SUICompanionApp";
			};
			name = Debug;
		};
		E9D18935273D597A00723C16 /* Release */ = {
			isa = XCBuildConfiguration;
			buildSettings = {
				BUNDLE_LOADER = "$(TEST_HOST)";
				CODE_SIGN_STYLE = Automatic;
				DEVELOPMENT_TEAM = 4LL5YKZZU7;
				INFOPLIST_FILE = SUICompanionAppTests/Info.plist;
				LD_RUNPATH_SEARCH_PATHS = (
					"$(inherited)",
					"@executable_path/Frameworks",
					"@loader_path/Frameworks",
				);
				PRODUCT_BUNDLE_IDENTIFIER = com.hmrc.SUICompanionAppTests;
				PRODUCT_NAME = "$(TARGET_NAME)";
				SWIFT_VERSION = 5.0;
				TARGETED_DEVICE_FAMILY = "1,2";
				TEST_HOST = "$(BUILT_PRODUCTS_DIR)/SUICompanionApp.app/$(BUNDLE_EXECUTABLE_FOLDER_PATH)/SUICompanionApp";
			};
			name = Release;
		};
		E9D18936273D597A00723C16 /* Adhoc */ = {
			isa = XCBuildConfiguration;
			buildSettings = {
				BUNDLE_LOADER = "$(TEST_HOST)";
				CODE_SIGN_STYLE = Automatic;
				DEVELOPMENT_TEAM = 4LL5YKZZU7;
				INFOPLIST_FILE = SUICompanionAppTests/Info.plist;
				LD_RUNPATH_SEARCH_PATHS = (
					"$(inherited)",
					"@executable_path/Frameworks",
					"@loader_path/Frameworks",
				);
				PRODUCT_BUNDLE_IDENTIFIER = com.hmrc.SUICompanionAppTests;
				PRODUCT_NAME = "$(TARGET_NAME)";
				SWIFT_VERSION = 5.0;
				TARGETED_DEVICE_FAMILY = "1,2";
				TEST_HOST = "$(BUILT_PRODUCTS_DIR)/SUICompanionApp.app/$(BUNDLE_EXECUTABLE_FOLDER_PATH)/SUICompanionApp";
			};
			name = Adhoc;
		};
		EBA95467271EF33600B60E2E /* Adhoc */ = {
			isa = XCBuildConfiguration;
			buildSettings = {
				ALWAYS_SEARCH_USER_PATHS = NO;
				CLANG_ANALYZER_NONNULL = YES;
				CLANG_ANALYZER_NUMBER_OBJECT_CONVERSION = YES_AGGRESSIVE;
				CLANG_CXX_LANGUAGE_STANDARD = "gnu++14";
				CLANG_CXX_LIBRARY = "libc++";
				CLANG_ENABLE_MODULES = YES;
				CLANG_ENABLE_OBJC_ARC = YES;
				CLANG_ENABLE_OBJC_WEAK = YES;
				CLANG_WARN_BLOCK_CAPTURE_AUTORELEASING = YES;
				CLANG_WARN_BOOL_CONVERSION = YES;
				CLANG_WARN_COMMA = YES;
				CLANG_WARN_CONSTANT_CONVERSION = YES;
				CLANG_WARN_DEPRECATED_OBJC_IMPLEMENTATIONS = YES;
				CLANG_WARN_DIRECT_OBJC_ISA_USAGE = YES_ERROR;
				CLANG_WARN_DOCUMENTATION_COMMENTS = YES;
				CLANG_WARN_EMPTY_BODY = YES;
				CLANG_WARN_ENUM_CONVERSION = YES;
				CLANG_WARN_INFINITE_RECURSION = YES;
				CLANG_WARN_INT_CONVERSION = YES;
				CLANG_WARN_NON_LITERAL_NULL_CONVERSION = YES;
				CLANG_WARN_OBJC_IMPLICIT_RETAIN_SELF = YES;
				CLANG_WARN_OBJC_LITERAL_CONVERSION = YES;
				CLANG_WARN_OBJC_ROOT_CLASS = YES_ERROR;
				CLANG_WARN_QUOTED_INCLUDE_IN_FRAMEWORK_HEADER = YES;
				CLANG_WARN_RANGE_LOOP_ANALYSIS = YES;
				CLANG_WARN_STRICT_PROTOTYPES = YES;
				CLANG_WARN_SUSPICIOUS_MOVE = YES;
				CLANG_WARN_UNGUARDED_AVAILABILITY = YES_AGGRESSIVE;
				CLANG_WARN_UNREACHABLE_CODE = YES;
				CLANG_WARN__DUPLICATE_METHOD_MATCH = YES;
				COPY_PHASE_STRIP = NO;
				DEBUG_INFORMATION_FORMAT = "dwarf-with-dsym";
				ENABLE_NS_ASSERTIONS = NO;
				ENABLE_STRICT_OBJC_MSGSEND = YES;
				GCC_C_LANGUAGE_STANDARD = gnu11;
				GCC_NO_COMMON_BLOCKS = YES;
				GCC_WARN_64_TO_32_BIT_CONVERSION = YES;
				GCC_WARN_ABOUT_RETURN_TYPE = YES_ERROR;
				GCC_WARN_UNDECLARED_SELECTOR = YES;
				GCC_WARN_UNINITIALIZED_AUTOS = YES_AGGRESSIVE;
				GCC_WARN_UNUSED_FUNCTION = YES;
				GCC_WARN_UNUSED_VARIABLE = YES;
				IPHONEOS_DEPLOYMENT_TARGET = 14.5;
				MTL_ENABLE_DEBUG_INFO = NO;
				MTL_FAST_MATH = YES;
				SDKROOT = iphoneos;
				SWIFT_COMPILATION_MODE = wholemodule;
				SWIFT_OPTIMIZATION_LEVEL = "-O";
				VALIDATE_PRODUCT = YES;
			};
			name = Adhoc;
		};
		EBA95468271EF33600B60E2E /* Adhoc */ = {
			isa = XCBuildConfiguration;
			buildSettings = {
				ASSETCATALOG_COMPILER_APPICON_NAME = AppIcon;
				ASSETCATALOG_COMPILER_GLOBAL_ACCENT_COLOR_NAME = AccentColor;
				CODE_SIGN_ENTITLEMENTS = SUICompanionApp/SUICompanionApp.entitlements;
				CODE_SIGN_IDENTITY = "Apple Development";
				"CODE_SIGN_IDENTITY[sdk=iphoneos*]" = "iPhone Distribution";
				CODE_SIGN_STYLE = Manual;
				DEVELOPMENT_ASSET_PATHS = "\"SUICompanionApp/Preview Content\"";
				DEVELOPMENT_TEAM = "";
				"DEVELOPMENT_TEAM[sdk=iphoneos*]" = 4LL5YKZZU7;
				ENABLE_PREVIEWS = YES;
				INFOPLIST_FILE = SUICompanionApp/Info.plist;
				IPHONEOS_DEPLOYMENT_TARGET = 14.0;
				LD_RUNPATH_SEARCH_PATHS = (
					"$(inherited)",
					"@executable_path/Frameworks",
				);
				PRODUCT_BUNDLE_IDENTIFIER = uk.gov.hmrc.components.SUICompanionApp;
				PRODUCT_NAME = "$(TARGET_NAME)";
				PROVISIONING_PROFILE_SPECIFIER = "";
				"PROVISIONING_PROFILE_SPECIFIER[sdk=iphoneos*]" = "match AdHoc uk.gov.hmrc.components.SUICompanionApp";
				SWIFT_VERSION = 5.0;
				TARGETED_DEVICE_FAMILY = "1,2";
			};
			name = Adhoc;
		};
/* End XCBuildConfiguration section */

/* Begin XCConfigurationList section */
		587A133B26C422370005A55D /* Build configuration list for PBXProject "SUICompanionApp" */ = {
			isa = XCConfigurationList;
			buildConfigurations = (
				587A134D26C4223B0005A55D /* Debug */,
				587A134E26C4223B0005A55D /* Release */,
				EBA95467271EF33600B60E2E /* Adhoc */,
			);
			defaultConfigurationIsVisible = 0;
			defaultConfigurationName = Debug;
		};
		587A134F26C4223B0005A55D /* Build configuration list for PBXNativeTarget "SUICompanionApp" */ = {
			isa = XCConfigurationList;
			buildConfigurations = (
				587A135026C4223B0005A55D /* Debug */,
				587A135126C4223B0005A55D /* Release */,
				EBA95468271EF33600B60E2E /* Adhoc */,
			);
			defaultConfigurationIsVisible = 0;
			defaultConfigurationName = Debug;
		};
		E9D18937273D597A00723C16 /* Build configuration list for PBXNativeTarget "SUICompanionAppTests" */ = {
			isa = XCConfigurationList;
			buildConfigurations = (
				E9D18934273D597A00723C16 /* Debug */,
				E9D18935273D597A00723C16 /* Release */,
				E9D18936273D597A00723C16 /* Adhoc */,
			);
			defaultConfigurationIsVisible = 0;
			defaultConfigurationName = Debug;
		};
/* End XCConfigurationList section */

/* Begin XCRemoteSwiftPackageReference section */
		CA32713E29D5E71100F493DC /* XCRemoteSwiftPackageReference "ios-swiftui-components" */ = {
			isa = XCRemoteSwiftPackageReference;
			repositoryURL = "https://github.com/hmrc/ios-swiftui-components";
			requirement = {
				kind = exactVersion;
				version = 1.3.1;
			};
		};
/* End XCRemoteSwiftPackageReference section */

/* Begin XCSwiftPackageProductDependency section */
		CA32713F29D5E71100F493DC /* SUIComponents */ = {
			isa = XCSwiftPackageProductDependency;
			package = CA32713E29D5E71100F493DC /* XCRemoteSwiftPackageReference "ios-swiftui-components" */;
			productName = SUIComponents;
		};
/* End XCSwiftPackageProductDependency section */
	};
	rootObject = 587A133826C422370005A55D /* Project object */;
}
